
Microsoft Visual Studio Solution File, Format Version 12.00
# Visual Studio Version 17
VisualStudioVersion = 17.14.36811.4
MinimumVisualStudioVersion = 10.0.40219.1
Project("{FAE04EC0-301F-11D3-BF4B-00C04F79EFBC}") = "AttoLisp", "AttoLisp\AttoLisp.csproj", "{A4C6E379-4AA2-4AC6-8CEB-A8F2075A0A57}"
EndProject
Project("{FAE04EC0-301F-11D3-BF4B-00C04F79EFBC}") = "AttoLisp.Tests", "AttoLisp.Tests\AttoLisp.Tests.csproj", "{F64295EE-96FC-3954-119A-90593ADA59E3}"
EndProject
Global
	GlobalSection(SolutionConfigurationPlatforms) = preSolution
		Debug|Any CPU = Debug|Any CPU
		Release|Any CPU = Release|Any CPU
	EndGlobalSection
	GlobalSection(ProjectConfigurationPlatforms) = postSolution
		{A4C6E379-4AA2-4AC6-8CEB-A8F2075A0A57}.Debug|Any CPU.ActiveCfg = Debug|Any CPU
		{A4C6E379-4AA2-4AC6-8CEB-A8F2075A0A57}.Debug|Any CPU.Build.0 = Debug|Any CPU
		{A4C6E379-4AA2-4AC6-8CEB-A8F2075A0A57}.Release|Any CPU.ActiveCfg = Release|Any CPU
		{A4C6E379-4AA2-4AC6-8CEB-A8F2075A0A57}.Release|Any CPU.Build.0 = Release|Any CPU
		{F64295EE-96FC-3954-119A-90593ADA59E3}.Debug|Any CPU.ActiveCfg = Debug|Any CPU
		{F64295EE-96FC-3954-119A-90593ADA59E3}.Debug|Any CPU.Build.0 = Debug|Any CPU
		{F64295EE-96FC-3954-119A-90593ADA59E3}.Release|Any CPU.ActiveCfg = Release|Any CPU
		{F64295EE-96FC-3954-119A-90593ADA59E3}.Release|Any CPU.Build.0 = Release|Any CPU
	EndGlobalSection
	GlobalSection(SolutionProperties) = preSolution
		HideSolutionNode = FALSE
	EndGlobalSection
	GlobalSection(ExtensibilityGlobals) = postSolution
		SolutionGuid = {4AC959D7-96ED-4821-B408-AE548E3B7F65}
	EndGlobalSection
EndGlobal
